// !$*UTF8*$!
{
	archiveVersion = 1;
	classes = {
	};
	objectVersion = 50;
	objects = {

/* Begin PBXBuildFile section */
		068571D922A2E50700A7C664 /* OrgScheduleService.swift in Sources */ = {isa = PBXBuildFile; fileRef = 068571D822A2E50700A7C664 /* OrgScheduleService.swift */; };
		068571DB22A2E77900A7C664 /* OrgScheduleResult.swift in Sources */ = {isa = PBXBuildFile; fileRef = 068571DA22A2E77900A7C664 /* OrgScheduleResult.swift */; };
		3AAF774922A29F0100F0487B /* AppDelegate.swift in Sources */ = {isa = PBXBuildFile; fileRef = 3AAF774822A29F0100F0487B /* AppDelegate.swift */; };
		3AAF774B22A29F0100F0487B /* MapVC.swift in Sources */ = {isa = PBXBuildFile; fileRef = 3AAF774A22A29F0100F0487B /* MapVC.swift */; };
		3AAF774E22A29F0100F0487B /* Main.storyboard in Resources */ = {isa = PBXBuildFile; fileRef = 3AAF774C22A29F0100F0487B /* Main.storyboard */; };
		3AAF775322A29F0100F0487B /* LaunchScreen.storyboard in Resources */ = {isa = PBXBuildFile; fileRef = 3AAF775122A29F0100F0487B /* LaunchScreen.storyboard */; };
		3AAF776022A2C25A00F0487B /* APIConstants.swift in Sources */ = {isa = PBXBuildFile; fileRef = 3AAF775F22A2C25A00F0487B /* APIConstants.swift */; };
		3AAF776222A2C6B300F0487B /* OrgListService.swift in Sources */ = {isa = PBXBuildFile; fileRef = 3AAF776122A2C6B300F0487B /* OrgListService.swift */; };
		3AAF776422A2D2FE00F0487B /* OrgListResult.swift in Sources */ = {isa = PBXBuildFile; fileRef = 3AAF776322A2D2FE00F0487B /* OrgListResult.swift */; };
		3AAF776722A2EC8500F0487B /* DetailView.swift in Sources */ = {isa = PBXBuildFile; fileRef = 3AAF776622A2EC8500F0487B /* DetailView.swift */; };
		3AAF776922A2EC8F00F0487B /* DetailView.xib in Resources */ = {isa = PBXBuildFile; fileRef = 3AAF776822A2EC8F00F0487B /* DetailView.xib */; };
		3AAF777122A36BD600F0487B /* Assets 11-27-27-718.xcassets in Resources */ = {isa = PBXBuildFile; fileRef = 3AAF777022A36BD600F0487B /* Assets 11-27-27-718.xcassets */; };
		3AAF777422A37B1800F0487B /* ScheduleViewController.swift in Sources */ = {isa = PBXBuildFile; fileRef = 3AAF777322A37B1700F0487B /* ScheduleViewController.swift */; };
		C47354EC1239E98F49A27667 /* Pods_SharingService.framework in Frameworks */ = {isa = PBXBuildFile; fileRef = 1A59C6AE7658F0BCBA966ED3 /* Pods_SharingService.framework */; };
/* End PBXBuildFile section */

/* Begin PBXFileReference section */
		068571D822A2E50700A7C664 /* OrgScheduleService.swift */ = {isa = PBXFileReference; lastKnownFileType = sourcecode.swift; path = OrgScheduleService.swift; sourceTree = "<group>"; };
		068571DA22A2E77900A7C664 /* OrgScheduleResult.swift */ = {isa = PBXFileReference; lastKnownFileType = sourcecode.swift; path = OrgScheduleResult.swift; sourceTree = "<group>"; };
		1A59C6AE7658F0BCBA966ED3 /* Pods_SharingService.framework */ = {isa = PBXFileReference; explicitFileType = wrapper.framework; includeInIndex = 0; path = Pods_SharingService.framework; sourceTree = BUILT_PRODUCTS_DIR; };
		3AAF774522A29F0100F0487B /* Life.M.app */ = {isa = PBXFileReference; explicitFileType = wrapper.application; includeInIndex = 0; path = Life.M.app; sourceTree = BUILT_PRODUCTS_DIR; };
		3AAF774822A29F0100F0487B /* AppDelegate.swift */ = {isa = PBXFileReference; lastKnownFileType = sourcecode.swift; path = AppDelegate.swift; sourceTree = "<group>"; };
		3AAF774A22A29F0100F0487B /* MapVC.swift */ = {isa = PBXFileReference; lastKnownFileType = sourcecode.swift; path = MapVC.swift; sourceTree = "<group>"; };
		3AAF774D22A29F0100F0487B /* Base */ = {isa = PBXFileReference; lastKnownFileType = file.storyboard; name = Base; path = Base.lproj/Main.storyboard; sourceTree = "<group>"; };
		3AAF775222A29F0100F0487B /* Base */ = {isa = PBXFileReference; lastKnownFileType = file.storyboard; name = Base; path = Base.lproj/LaunchScreen.storyboard; sourceTree = "<group>"; };
		3AAF775422A29F0100F0487B /* Info.plist */ = {isa = PBXFileReference; lastKnownFileType = text.plist.xml; path = Info.plist; sourceTree = "<group>"; };
		3AAF775F22A2C25A00F0487B /* APIConstants.swift */ = {isa = PBXFileReference; lastKnownFileType = sourcecode.swift; path = APIConstants.swift; sourceTree = "<group>"; };
		3AAF776122A2C6B300F0487B /* OrgListService.swift */ = {isa = PBXFileReference; lastKnownFileType = sourcecode.swift; path = OrgListService.swift; sourceTree = "<group>"; };
		3AAF776322A2D2FE00F0487B /* OrgListResult.swift */ = {isa = PBXFileReference; lastKnownFileType = sourcecode.swift; path = OrgListResult.swift; sourceTree = "<group>"; };
		3AAF776622A2EC8500F0487B /* DetailView.swift */ = {isa = PBXFileReference; lastKnownFileType = sourcecode.swift; path = DetailView.swift; sourceTree = "<group>"; };
		3AAF776822A2EC8F00F0487B /* DetailView.xib */ = {isa = PBXFileReference; lastKnownFileType = file.xib; path = DetailView.xib; sourceTree = "<group>"; };
		3AAF777022A36BD600F0487B /* Assets 11-27-27-718.xcassets */ = {isa = PBXFileReference; lastKnownFileType = folder.assetcatalog; path = "Assets 11-27-27-718.xcassets"; sourceTree = "<group>"; };
		3AAF777322A37B1700F0487B /* ScheduleViewController.swift */ = {isa = PBXFileReference; fileEncoding = 4; lastKnownFileType = sourcecode.swift; path = ScheduleViewController.swift; sourceTree = "<group>"; };
		72676E140A2532481EE466F4 /* Pods-SharingService.debug.xcconfig */ = {isa = PBXFileReference; includeInIndex = 1; lastKnownFileType = text.xcconfig; name = "Pods-SharingService.debug.xcconfig"; path = "Target Support Files/Pods-SharingService/Pods-SharingService.debug.xcconfig"; sourceTree = "<group>"; };
		74B9D7C6D9C391B3F2E1DCF3 /* Pods-SharingService.release.xcconfig */ = {isa = PBXFileReference; includeInIndex = 1; lastKnownFileType = text.xcconfig; name = "Pods-SharingService.release.xcconfig"; path = "Target Support Files/Pods-SharingService/Pods-SharingService.release.xcconfig"; sourceTree = "<group>"; };
/* End PBXFileReference section */

/* Begin PBXFrameworksBuildPhase section */
		3AAF774222A29F0100F0487B /* Frameworks */ = {
			isa = PBXFrameworksBuildPhase;
			buildActionMask = 2147483647;
			files = (
				C47354EC1239E98F49A27667 /* Pods_SharingService.framework in Frameworks */,
			);
			runOnlyForDeploymentPostprocessing = 0;
		};
/* End PBXFrameworksBuildPhase section */

/* Begin PBXGroup section */
		3AAF773C22A29F0100F0487B = {
			isa = PBXGroup;
			children = (
				3AAF774722A29F0100F0487B /* SharingService */,
				3AAF774622A29F0100F0487B /* Products */,
				5913D32E4B1B589F5D89544D /* Pods */,
				B4BD74CC6D7EF398CFA4B76E /* Frameworks */,
			);
			sourceTree = "<group>";
		};
		3AAF774622A29F0100F0487B /* Products */ = {
			isa = PBXGroup;
			children = (
				3AAF774522A29F0100F0487B /* Life.M.app */,
			);
			name = Products;
			sourceTree = "<group>";
		};
		3AAF774722A29F0100F0487B /* SharingService */ = {
			isa = PBXGroup;
			children = (
				3AAF774822A29F0100F0487B /* AppDelegate.swift */,
				3AAF775422A29F0100F0487B /* Info.plist */,
				3AAF775B22A2B78500F0487B /* Resources */,
				3AAF776A22A31C1200F0487B /* Models */,
				3AAF776F22A31E9F00F0487B /* Views */,
				3AAF775E22A2B7B800F0487B /* Controllers */,
				3AAF776E22A31E8800F0487B /* APIServices */,
				3AAF775A22A2B75C00F0487B /* Storyboards */,
			);
			path = SharingService;
			sourceTree = "<group>";
		};
		3AAF775A22A2B75C00F0487B /* Storyboards */ = {
			isa = PBXGroup;
			children = (
				3AAF775122A29F0100F0487B /* LaunchScreen.storyboard */,
				3AAF774C22A29F0100F0487B /* Main.storyboard */,
			);
			name = Storyboards;
			sourceTree = "<group>";
		};
		3AAF775B22A2B78500F0487B /* Resources */ = {
			isa = PBXGroup;
			children = (
				3AAF777022A36BD600F0487B /* Assets 11-27-27-718.xcassets */,
			);
			name = Resources;
			sourceTree = "<group>";
		};
		3AAF775E22A2B7B800F0487B /* Controllers */ = {
			isa = PBXGroup;
			children = (
				3AAF777322A37B1700F0487B /* ScheduleViewController.swift */,
				3AAF774A22A29F0100F0487B /* MapVC.swift */,
			);
			name = Controllers;
			sourceTree = "<group>";
		};
		3AAF776A22A31C1200F0487B /* Models */ = {
			isa = PBXGroup;
			children = (
				3AAF775F22A2C25A00F0487B /* APIConstants.swift */,
				3AAF776322A2D2FE00F0487B /* OrgListResult.swift */,
				068571DA22A2E77900A7C664 /* OrgScheduleResult.swift */,
			);
			name = Models;
			sourceTree = "<group>";
		};
		3AAF776E22A31E8800F0487B /* APIServices */ = {
			isa = PBXGroup;
			children = (
				3AAF776122A2C6B300F0487B /* OrgListService.swift */,
				068571D822A2E50700A7C664 /* OrgScheduleService.swift */,
			);
			name = APIServices;
			sourceTree = "<group>";
		};
		3AAF776F22A31E9F00F0487B /* Views */ = {
			isa = PBXGroup;
			children = (
				3AAF776622A2EC8500F0487B /* DetailView.swift */,
				3AAF776822A2EC8F00F0487B /* DetailView.xib */,
			);
			name = Views;
			sourceTree = "<group>";
		};
		5913D32E4B1B589F5D89544D /* Pods */ = {
			isa = PBXGroup;
			children = (
				72676E140A2532481EE466F4 /* Pods-SharingService.debug.xcconfig */,
				74B9D7C6D9C391B3F2E1DCF3 /* Pods-SharingService.release.xcconfig */,
			);
			path = Pods;
			sourceTree = "<group>";
		};
		B4BD74CC6D7EF398CFA4B76E /* Frameworks */ = {
			isa = PBXGroup;
			children = (
				1A59C6AE7658F0BCBA966ED3 /* Pods_SharingService.framework */,
			);
			name = Frameworks;
			sourceTree = "<group>";
		};
/* End PBXGroup section */

/* Begin PBXNativeTarget section */
		3AAF774422A29F0100F0487B /* SharingService */ = {
			isa = PBXNativeTarget;
			buildConfigurationList = 3AAF775722A29F0100F0487B /* Build configuration list for PBXNativeTarget "SharingService" */;
			buildPhases = (
				686FC86A511EEBAEAFE910D7 /* [CP] Check Pods Manifest.lock */,
				3AAF774122A29F0100F0487B /* Sources */,
				3AAF774222A29F0100F0487B /* Frameworks */,
				3AAF774322A29F0100F0487B /* Resources */,
				B7563909422937EB05D78BE2 /* [CP] Embed Pods Frameworks */,
			);
			buildRules = (
			);
			dependencies = (
			);
			name = SharingService;
			productName = SharingService;
			productReference = 3AAF774522A29F0100F0487B /* Life.M.app */;
			productType = "com.apple.product-type.application";
		};
/* End PBXNativeTarget section */

/* Begin PBXProject section */
		3AAF773D22A29F0100F0487B /* Project object */ = {
			isa = PBXProject;
			attributes = {
				LastSwiftUpdateCheck = 1020;
				LastUpgradeCheck = 1020;
				ORGANIZATIONNAME = AngelhackSeoul2019;
				TargetAttributes = {
					3AAF774422A29F0100F0487B = {
						CreatedOnToolsVersion = 10.2.1;
					};
				};
			};
			buildConfigurationList = 3AAF774022A29F0100F0487B /* Build configuration list for PBXProject "SharingService" */;
			compatibilityVersion = "Xcode 9.3";
			developmentRegion = en;
			hasScannedForEncodings = 0;
			knownRegions = (
				en,
				Base,
			);
			mainGroup = 3AAF773C22A29F0100F0487B;
			productRefGroup = 3AAF774622A29F0100F0487B /* Products */;
			projectDirPath = "";
			projectRoot = "";
			targets = (
				3AAF774422A29F0100F0487B /* SharingService */,
			);
		};
/* End PBXProject section */

/* Begin PBXResourcesBuildPhase section */
		3AAF774322A29F0100F0487B /* Resources */ = {
			isa = PBXResourcesBuildPhase;
			buildActionMask = 2147483647;
			files = (
				3AAF775322A29F0100F0487B /* LaunchScreen.storyboard in Resources */,
				3AAF776922A2EC8F00F0487B /* DetailView.xib in Resources */,
				3AAF777122A36BD600F0487B /* Assets 11-27-27-718.xcassets in Resources */,
				3AAF774E22A29F0100F0487B /* Main.storyboard in Resources */,
			);
			runOnlyForDeploymentPostprocessing = 0;
		};
/* End PBXResourcesBuildPhase section */

/* Begin PBXShellScriptBuildPhase section */
		686FC86A511EEBAEAFE910D7 /* [CP] Check Pods Manifest.lock */ = {
			isa = PBXShellScriptBuildPhase;
			buildActionMask = 2147483647;
			files = (
			);
			inputFileListPaths = (
			);
			inputPaths = (
				"${PODS_PODFILE_DIR_PATH}/Podfile.lock",
				"${PODS_ROOT}/Manifest.lock",
			);
			name = "[CP] Check Pods Manifest.lock";
			outputFileListPaths = (
			);
			outputPaths = (
				"$(DERIVED_FILE_DIR)/Pods-SharingService-checkManifestLockResult.txt",
			);
			runOnlyForDeploymentPostprocessing = 0;
			shellPath = /bin/sh;
			shellScript = "diff \"${PODS_PODFILE_DIR_PATH}/Podfile.lock\" \"${PODS_ROOT}/Manifest.lock\" > /dev/null\nif [ $? != 0 ] ; then\n    # print error to STDERR\n    echo \"error: The sandbox is not in sync with the Podfile.lock. Run 'pod install' or update your CocoaPods installation.\" >&2\n    exit 1\nfi\n# This output is used by Xcode 'outputs' to avoid re-running this script phase.\necho \"SUCCESS\" > \"${SCRIPT_OUTPUT_FILE_0}\"\n";
			showEnvVarsInLog = 0;
		};
		B7563909422937EB05D78BE2 /* [CP] Embed Pods Frameworks */ = {
			isa = PBXShellScriptBuildPhase;
			buildActionMask = 2147483647;
			files = (
			);
			inputFileListPaths = (
			);
			inputPaths = (
				"${PODS_ROOT}/Target Support Files/Pods-SharingService/Pods-SharingService-frameworks.sh",
				"${BUILT_PRODUCTS_DIR}/Alamofire/Alamofire.framework",
				"${PODS_ROOT}/NMapsMap/framework/NMapsMap.framework",
			);
			name = "[CP] Embed Pods Frameworks";
			outputFileListPaths = (
			);
			outputPaths = (
				"${TARGET_BUILD_DIR}/${FRAMEWORKS_FOLDER_PATH}/Alamofire.framework",
				"${TARGET_BUILD_DIR}/${FRAMEWORKS_FOLDER_PATH}/NMapsMap.framework",
			);
			runOnlyForDeploymentPostprocessing = 0;
			shellPath = /bin/sh;
			shellScript = "\"${PODS_ROOT}/Target Support Files/Pods-SharingService/Pods-SharingService-frameworks.sh\"\n";
			showEnvVarsInLog = 0;
		};
/* End PBXShellScriptBuildPhase section */

/* Begin PBXSourcesBuildPhase section */
		3AAF774122A29F0100F0487B /* Sources */ = {
			isa = PBXSourcesBuildPhase;
			buildActionMask = 2147483647;
			files = (
				3AAF776222A2C6B300F0487B /* OrgListService.swift in Sources */,
				3AAF776722A2EC8500F0487B /* DetailView.swift in Sources */,
				068571DB22A2E77900A7C664 /* OrgScheduleResult.swift in Sources */,
				3AAF777422A37B1800F0487B /* ScheduleViewController.swift in Sources */,
				3AAF774B22A29F0100F0487B /* MapVC.swift in Sources */,
				3AAF774922A29F0100F0487B /* AppDelegate.swift in Sources */,
				068571D922A2E50700A7C664 /* OrgScheduleService.swift in Sources */,
				3AAF776422A2D2FE00F0487B /* OrgListResult.swift in Sources */,
				3AAF776022A2C25A00F0487B /* APIConstants.swift in Sources */,
			);
			runOnlyForDeploymentPostprocessing = 0;
		};
/* End PBXSourcesBuildPhase section */

/* Begin PBXVariantGroup section */
		3AAF774C22A29F0100F0487B /* Main.storyboard */ = {
			isa = PBXVariantGroup;
			children = (
				3AAF774D22A29F0100F0487B /* Base */,
			);
			name = Main.storyboard;
			sourceTree = "<group>";
		};
		3AAF775122A29F0100F0487B /* LaunchScreen.storyboard */ = {
			isa = PBXVariantGroup;
			children = (
				3AAF775222A29F0100F0487B /* Base */,
			);
			name = LaunchScreen.storyboard;
			sourceTree = "<group>";
		};
/* End PBXVariantGroup section */

/* Begin XCBuildConfiguration section */
		3AAF775522A29F0100F0487B /* Debug */ = {
			isa = XCBuildConfiguration;
			buildSettings = {
				ALWAYS_SEARCH_USER_PATHS = NO;
				CLANG_ANALYZER_NONNULL = YES;
				CLANG_ANALYZER_NUMBER_OBJECT_CONVERSION = YES_AGGRESSIVE;
				CLANG_CXX_LANGUAGE_STANDARD = "gnu++14";
				CLANG_CXX_LIBRARY = "libc++";
				CLANG_ENABLE_MODULES = YES;
				CLANG_ENABLE_OBJC_ARC = YES;
				CLANG_ENABLE_OBJC_WEAK = YES;
				CLANG_WARN_BLOCK_CAPTURE_AUTORELEASING = YES;
				CLANG_WARN_BOOL_CONVERSION = YES;
				CLANG_WARN_COMMA = YES;
				CLANG_WARN_CONSTANT_CONVERSION = YES;
				CLANG_WARN_DEPRECATED_OBJC_IMPLEMENTATIONS = YES;
				CLANG_WARN_DIRECT_OBJC_ISA_USAGE = YES_ERROR;
				CLANG_WARN_DOCUMENTATION_COMMENTS = YES;
				CLANG_WARN_EMPTY_BODY = YES;
				CLANG_WARN_ENUM_CONVERSION = YES;
				CLANG_WARN_INFINITE_RECURSION = YES;
				CLANG_WARN_INT_CONVERSION = YES;
				CLANG_WARN_NON_LITERAL_NULL_CONVERSION = YES;
				CLANG_WARN_OBJC_IMPLICIT_RETAIN_SELF = YES;
				CLANG_WARN_OBJC_LITERAL_CONVERSION = YES;
				CLANG_WARN_OBJC_ROOT_CLASS = YES_ERROR;
				CLANG_WARN_RANGE_LOOP_ANALYSIS = YES;
				CLANG_WARN_STRICT_PROTOTYPES = YES;
				CLANG_WARN_SUSPICIOUS_MOVE = YES;
				CLANG_WARN_UNGUARDED_AVAILABILITY = YES_AGGRESSIVE;
				CLANG_WARN_UNREACHABLE_CODE = YES;
				CLANG_WARN__DUPLICATE_METHOD_MATCH = YES;
				CODE_SIGN_IDENTITY = "iPhone Developer";
				COPY_PHASE_STRIP = NO;
				DEBUG_INFORMATION_FORMAT = dwarf;
				ENABLE_STRICT_OBJC_MSGSEND = YES;
				ENABLE_TESTABILITY = YES;
				GCC_C_LANGUAGE_STANDARD = gnu11;
				GCC_DYNAMIC_NO_PIC = NO;
				GCC_NO_COMMON_BLOCKS = YES;
				GCC_OPTIMIZATION_LEVEL = 0;
				GCC_PREPROCESSOR_DEFINITIONS = (
					"DEBUG=1",
					"$(inherited)",
				);
				GCC_WARN_64_TO_32_BIT_CONVERSION = YES;
				GCC_WARN_ABOUT_RETURN_TYPE = YES_ERROR;
				GCC_WARN_UNDECLARED_SELECTOR = YES;
				GCC_WARN_UNINITIALIZED_AUTOS = YES_AGGRESSIVE;
				GCC_WARN_UNUSED_FUNCTION = YES;
				GCC_WARN_UNUSED_VARIABLE = YES;
				IPHONEOS_DEPLOYMENT_TARGET = 12.2;
				MTL_ENABLE_DEBUG_INFO = INCLUDE_SOURCE;
				MTL_FAST_MATH = YES;
				ONLY_ACTIVE_ARCH = YES;
				SDKROOT = iphoneos;
				SWIFT_ACTIVE_COMPILATION_CONDITIONS = DEBUG;
				SWIFT_OPTIMIZATION_LEVEL = "-Onone";
			};
			name = Debug;
		};
		3AAF775622A29F0100F0487B /* Release */ = {
			isa = XCBuildConfiguration;
			buildSettings = {
				ALWAYS_SEARCH_USER_PATHS = NO;
				CLANG_ANALYZER_NONNULL = YES;
				CLANG_ANALYZER_NUMBER_OBJECT_CONVERSION = YES_AGGRESSIVE;
				CLANG_CXX_LANGUAGE_STANDARD = "gnu++14";
				CLANG_CXX_LIBRARY = "libc++";
				CLANG_ENABLE_MODULES = YES;
				CLANG_ENABLE_OBJC_ARC = YES;
				CLANG_ENABLE_OBJC_WEAK = YES;
				CLANG_WARN_BLOCK_CAPTURE_AUTORELEASING = YES;
				CLANG_WARN_BOOL_CONVERSION = YES;
				CLANG_WARN_COMMA = YES;
				CLANG_WARN_CONSTANT_CONVERSION = YES;
				CLANG_WARN_DEPRECATED_OBJC_IMPLEMENTATIONS = YES;
				CLANG_WARN_DIRECT_OBJC_ISA_USAGE = YES_ERROR;
				CLANG_WARN_DOCUMENTATION_COMMENTS = YES;
				CLANG_WARN_EMPTY_BODY = YES;
				CLANG_WARN_ENUM_CONVERSION = YES;
				CLANG_WARN_INFINITE_RECURSION = YES;
				CLANG_WARN_INT_CONVERSION = YES;
				CLANG_WARN_NON_LITERAL_NULL_CONVERSION = YES;
				CLANG_WARN_OBJC_IMPLICIT_RETAIN_SELF = YES;
				CLANG_WARN_OBJC_LITERAL_CONVERSION = YES;
				CLANG_WARN_OBJC_ROOT_CLASS = YES_ERROR;
				CLANG_WARN_RANGE_LOOP_ANALYSIS = YES;
				CLANG_WARN_STRICT_PROTOTYPES = YES;
				CLANG_WARN_SUSPICIOUS_MOVE = YES;
				CLANG_WARN_UNGUARDED_AVAILABILITY = YES_AGGRESSIVE;
				CLANG_WARN_UNREACHABLE_CODE = YES;
				CLANG_WARN__DUPLICATE_METHOD_MATCH = YES;
				CODE_SIGN_IDENTITY = "iPhone Developer";
				COPY_PHASE_STRIP = NO;
				DEBUG_INFORMATION_FORMAT = "dwarf-with-dsym";
				ENABLE_NS_ASSERTIONS = NO;
				ENABLE_STRICT_OBJC_MSGSEND = YES;
				GCC_C_LANGUAGE_STANDARD = gnu11;
				GCC_NO_COMMON_BLOCKS = YES;
				GCC_WARN_64_TO_32_BIT_CONVERSION = YES;
				GCC_WARN_ABOUT_RETURN_TYPE = YES_ERROR;
				GCC_WARN_UNDECLARED_SELECTOR = YES;
				GCC_WARN_UNINITIALIZED_AUTOS = YES_AGGRESSIVE;
				GCC_WARN_UNUSED_FUNCTION = YES;
				GCC_WARN_UNUSED_VARIABLE = YES;
				IPHONEOS_DEPLOYMENT_TARGET = 12.2;
				MTL_ENABLE_DEBUG_INFO = NO;
				MTL_FAST_MATH = YES;
				SDKROOT = iphoneos;
				SWIFT_COMPILATION_MODE = wholemodule;
				SWIFT_OPTIMIZATION_LEVEL = "-O";
				VALIDATE_PRODUCT = YES;
			};
			name = Release;
		};
		3AAF775822A29F0100F0487B /* Debug */ = {
			isa = XCBuildConfiguration;
			baseConfigurationReference = 72676E140A2532481EE466F4 /* Pods-SharingService.debug.xcconfig */;
			buildSettings = {
				ASSETCATALOG_COMPILER_APPICON_NAME = AppIcon;
				CODE_SIGN_STYLE = Automatic;
				DEVELOPMENT_TEAM = 4PFQJNQ37T;
				INFOPLIST_FILE = SharingService/Info.plist;
				LD_RUNPATH_SEARCH_PATHS = (
					"$(inherited)",
					"@executable_path/Frameworks",
				);
				PRODUCT_BUNDLE_IDENTIFIER = com.angelhack.SharingService;
				PRODUCT_NAME = Life.M;
				SWIFT_VERSION = 5.0;
				TARGETED_DEVICE_FAMILY = "1,2";
			};
			name = Debug;
		};
		3AAF775922A29F0100F0487B /* Release */ = {
			isa = XCBuildConfiguration;
			baseConfigurationReference = 74B9D7C6D9C391B3F2E1DCF3 /* Pods-SharingService.release.xcconfig */;
			buildSettings = {
				ASSETCATALOG_COMPILER_APPICON_NAME = AppIcon;
				CODE_SIGN_STYLE = Automatic;
				DEVELOPMENT_TEAM = 4PFQJNQ37T;
				INFOPLIST_FILE = SharingService/Info.plist;
				LD_RUNPATH_SEARCH_PATHS = (
					"$(inherited)",
					"@executable_path/Frameworks",
				);
				PRODUCT_BUNDLE_IDENTIFIER = com.angelhack.SharingService;
				PRODUCT_NAME = Life.M;
				SWIFT_VERSION = 5.0;
				TARGETED_DEVICE_FAMILY = "1,2";
			};
			name = Release;
		};
/* End XCBuildConfiguration section */

/* Begin XCConfigurationList section */
		3AAF774022A29F0100F0487B /* Build configuration list for PBXProject "SharingService" */ = {
			isa = XCConfigurationList;
			buildConfigurations = (
				3AAF775522A29F0100F0487B /* Debug */,
				3AAF775622A29F0100F0487B /* Release */,
			);
			defaultConfigurationIsVisible = 0;
			defaultConfigurationName = Release;
		};
		3AAF775722A29F0100F0487B /* Build configuration list for PBXNativeTarget "SharingService" */ = {
			isa = XCConfigurationList;
			buildConfigurations = (
				3AAF775822A29F0100F0487B /* Debug */,
				3AAF775922A29F0100F0487B /* Release */,
			);
			defaultConfigurationIsVisible = 0;
			defaultConfigurationName = Release;
		};
/* End XCConfigurationList section */
	};
	rootObject = 3AAF773D22A29F0100F0487B /* Project object */;
}
